# THIS IS AN AUTOGENERATED FILE. DO NOT EDIT THIS FILE DIRECTLY.
# yarn lockfile v1


minimist@~0.0.1:
  version "0.0.10"
  resolved "https://registry.yarnpkg.com/minimist/-/minimist-0.0.10.tgz#de3f98543dbf96082be48ad1a0c7cda836301dcf"

node-watch@^0.5.8:
  version "0.5.8"
  resolved "https://registry.yarnpkg.com/node-watch/-/node-watch-0.5.8.tgz#208d10f93afe2f24b3701c254f54c7552f90c905"

node-windows@^0.1.14:
  version "0.1.14"
  resolved "https://registry.yarnpkg.com/node-windows/-/node-windows-0.1.14.tgz#31bb0503da3bc637f2bfaa8b266640a2e92d891f"
  dependencies:
    optimist "~0.6.0"
    xml "0.0.12"

optimist@~0.6.0:
  version "0.6.1"
  resolved "https://registry.yarnpkg.com/optimist/-/optimist-0.6.1.tgz#da3ea74686fa21a19a111c326e90eb15a0196686"
  dependencies:
    minimist "~0.0.1"
    wordwrap "~0.0.2"

wordwrap@~0.0.2:
  version "0.0.3"
  resolved "https://registry.yarnpkg.com/wordwrap/-/wordwrap-0.0.3.tgz#a3d5da6cd5c0bc0008d37234bbaf1bed63059107"

xml@0.0.12:
  version "0.0.12"
  resolved "https://registry.yarnpkg.com/xml/-/xml-0.0.12.tgz#f08b347109912be00285785f46f15ad8e50a5f67"
